
Microsoft Visual Studio Solution File, Format Version 12.00
# Visual Studio 14
VisualStudioVersion = 14.0.25420.1
MinimumVisualStudioVersion = 10.0.40219.1
Project("{888888A0-9F3D-457C-B088-3A5042F75D52}") = "UnityBuildMaker", "UnityBuildMaker\UnityBuildMaker.pyproj", "{7BCEC74B-52A7-45CF-B6B4-1819810C0B69}"
EndProject
Global
	GlobalSection(SolutionConfigurationPlatforms) = preSolution
		Debug|Any CPU = Debug|Any CPU
		Release|Any CPU = Release|Any CPU
	EndGlobalSection
	GlobalSection(ProjectConfigurationPlatforms) = postSolution
		{7BCEC74B-52A7-45CF-B6B4-1819810C0B69}.Debug|Any CPU.ActiveCfg = Debug|Any CPU
		{7BCEC74B-52A7-45CF-B6B4-1819810C0B69}.Release|Any CPU.ActiveCfg = Release|Any CPU
	EndGlobalSection
	GlobalSection(SolutionProperties) = preSolution
		HideSolutionNode = FALSE
	EndGlobalSection
EndGlobal
